<?xml version="1.0" encoding="utf-8"?>
<Project ToolsVersion="4.0" xmlns="http://schemas.microsoft.com/developer/msbuild/2003">
  <ItemGroup>
    <Filter Include="Framework">
      <UniqueIdentifier>{4FC737F1-C7A5-4376-A066-2A32D752A2FF}</UniqueIdentifier>
      <Extensions>cpp;c;cc;cxx;c++;cppm;ixx;def;odl;idl;hpj;bat;asm;asmx</Extensions>
    </Filter>
    <Filter Include="World">
      <UniqueIdentifier>{44d2ebaa-246a-42ea-9973-9bc5c8d5de33}</UniqueIdentifier>
    </Filter>
    <Filter Include="Entities">
      <UniqueIdentifier>{0db0927a-380f-4935-8d2d-d94d62bb57b8}</UniqueIdentifier>
    </Filter>
  </ItemGroup>
  <ItemGroup>
    <ClCompile Include="Main_Windows.cpp">
      <Filter>Framework</Filter>
    </ClCompile>
    <ClCompile Include="App.cpp">
      <Filter>Framework</Filter>
    </ClCompile>
    <ClCompile Include="GameCommon.cpp">
      <Filter>Framework</Filter>
    </ClCompile>
    <ClCompile Include="Map.cpp">
      <Filter>World</Filter>
    </ClCompile>
    <ClCompile Include="Tile.cpp">
      <Filter>World</Filter>
    </ClCompile>
    <ClCompile Include="Entities.cpp">
      <Filter>Entities</Filter>
    </ClCompile>
    <ClCompile Include="Player.cpp">
      <Filter>Entities</Filter>
    </ClCompile>
    <ClCompile Include="Game.cpp">
      <Filter>Framework</Filter>
    </ClCompile>
    <ClCompile Include="Leo.cpp">
      <Filter>Entities</Filter>
    </ClCompile>
    <ClCompile Include="Bullets.cpp">
      <Filter>Entities</Filter>
    </ClCompile>
    <ClCompile Include="Aries.cpp">
      <Filter>Entities</Filter>
    </ClCompile>
    <ClCompile Include="Scorpio.cpp">
      <Filter>Entities</Filter>
    </ClCompile>
    <ClCompile Include="TileDefintion.cpp">
      <Filter>World</Filter>
    </ClCompile>
  </ItemGroup>
  <ItemGroup>
    <ClInclude Include="App.hpp">
      <Filter>Framework</Filter>
    </ClInclude>
    <ClInclude Include="Game.hpp">
      <Filter>Framework</Filter>
    </ClInclude>
    <ClInclude Include="GameCommon.hpp">
      <Filter>Framework</Filter>
    </ClInclude>
    <ClInclude Include="Map.hpp">
      <Filter>World</Filter>
    </ClInclude>
    <ClInclude Include="Tile.hpp">
      <Filter>World</Filter>
    </ClInclude>
    <ClInclude Include="Entities.hpp">
      <Filter>Entities</Filter>
    </ClInclude>
    <ClInclude Include="Player.hpp">
      <Filter>Entities</Filter>
    </ClInclude>
    <ClInclude Include="Leo.hpp">
      <Filter>Entities</Filter>
    </ClInclude>
    <ClInclude Include="Bullets.hpp">
      <Filter>Entities</Filter>
    </ClInclude>
    <ClInclude Include="Aries.hpp">
      <Filter>Entities</Filter>
    </ClInclude>
    <ClInclude Include="Scorpio.hpp">
      <Filter>Entities</Filter>
    </ClInclude>
    <ClInclude Include="TileDefintion.hpp">
      <Filter>World</Filter>
    </ClInclude>
  </ItemGroup>
</Project>